
Microsoft Visual Studio Solution File, Format Version 12.00
# Visual Studio Version 16
VisualStudioVersion = 16.0.30406.217
MinimumVisualStudioVersion = 10.0.40219.1
Project("{FAE04EC0-301F-11D3-BF4B-00C04F79EFBC}") = "Examen1_laboratorio_2_Lucas_Piantini_Grupo_4", "Examen1_laboratorio_2_Lucas_Piantini_Grupo_4\Examen1_laboratorio_2_Lucas_Piantini_Grupo_4.csproj", "{3FB14FA5-04B3-4A09-B7B0-30E6AC060612}"
EndProject
Global
	GlobalSection(SolutionConfigurationPlatforms) = preSolution
		Debug|Any CPU = Debug|Any CPU
		Release|Any CPU = Release|Any CPU
	EndGlobalSection
	GlobalSection(ProjectConfigurationPlatforms) = postSolution
		{3FB14FA5-04B3-4A09-B7B0-30E6AC060612}.Debug|Any CPU.ActiveCfg = Debug|Any CPU
		{3FB14FA5-04B3-4A09-B7B0-30E6AC060612}.Debug|Any CPU.Build.0 = Debug|Any CPU
		{3FB14FA5-04B3-4A09-B7B0-30E6AC060612}.Release|Any CPU.ActiveCfg = Release|Any CPU
		{3FB14FA5-04B3-4A09-B7B0-30E6AC060612}.Release|Any CPU.Build.0 = Release|Any CPU
	EndGlobalSection
	GlobalSection(SolutionProperties) = preSolution
		HideSolutionNode = FALSE
	EndGlobalSection
	GlobalSection(ExtensibilityGlobals) = postSolution
		SolutionGuid = {4DFF707A-8882-4AE9-8BE4-15E8185EEFFF}
	EndGlobalSection
EndGlobal
